
Microsoft Visual Studio Solution File, Format Version 12.00
# Visual Studio Version 17
VisualStudioVersion = 17.4.33110.190
MinimumVisualStudioVersion = 10.0.40219.1
Project("{FAE04EC0-301F-11D3-BF4B-00C04F79EFBC}") = "ET-ShiftManagementSystem", "ET-ShiftManagementSystem\ET-ShiftManagementSystem.csproj", "{BE4BFDB1-BE57-4E1E-80DD-B878FF6C003B}"
EndProject
Project("{FAE04EC0-301F-11D3-BF4B-00C04F79EFBC}") = "ShiftMgtDbContext", "ShiftMgtDbContext\ShiftMgtDbContext.csproj", "{75B6AFDC-4532-4650-AAED-ACDCDD8205D5}"
EndProject
Project("{FAE04EC0-301F-11D3-BF4B-00C04F79EFBC}") = "ShiftManagementServises", "ShiftManagementServises\ShiftManagementServises.csproj", "{11D9BD17-01DC-4596-B182-FA5EA22944A0}"
EndProject
Global
	GlobalSection(SolutionConfigurationPlatforms) = preSolution
		Debug|Any CPU = Debug|Any CPU
		Release|Any CPU = Release|Any CPU
	EndGlobalSection
	GlobalSection(ProjectConfigurationPlatforms) = postSolution
		{BE4BFDB1-BE57-4E1E-80DD-B878FF6C003B}.Debug|Any CPU.ActiveCfg = Debug|Any CPU
		{BE4BFDB1-BE57-4E1E-80DD-B878FF6C003B}.Debug|Any CPU.Build.0 = Debug|Any CPU
		{BE4BFDB1-BE57-4E1E-80DD-B878FF6C003B}.Release|Any CPU.ActiveCfg = Release|Any CPU
		{BE4BFDB1-BE57-4E1E-80DD-B878FF6C003B}.Release|Any CPU.Build.0 = Release|Any CPU
		{75B6AFDC-4532-4650-AAED-ACDCDD8205D5}.Debug|Any CPU.ActiveCfg = Debug|Any CPU
		{75B6AFDC-4532-4650-AAED-ACDCDD8205D5}.Debug|Any CPU.Build.0 = Debug|Any CPU
		{75B6AFDC-4532-4650-AAED-ACDCDD8205D5}.Release|Any CPU.ActiveCfg = Release|Any CPU
		{75B6AFDC-4532-4650-AAED-ACDCDD8205D5}.Release|Any CPU.Build.0 = Release|Any CPU
		{11D9BD17-01DC-4596-B182-FA5EA22944A0}.Debug|Any CPU.ActiveCfg = Debug|Any CPU
		{11D9BD17-01DC-4596-B182-FA5EA22944A0}.Debug|Any CPU.Build.0 = Debug|Any CPU
		{11D9BD17-01DC-4596-B182-FA5EA22944A0}.Release|Any CPU.ActiveCfg = Release|Any CPU
		{11D9BD17-01DC-4596-B182-FA5EA22944A0}.Release|Any CPU.Build.0 = Release|Any CPU
	EndGlobalSection
	GlobalSection(SolutionProperties) = preSolution
		HideSolutionNode = FALSE
	EndGlobalSection
	GlobalSection(ExtensibilityGlobals) = postSolution
		SolutionGuid = {2BF4F289-8933-4A85-82B5-4645B7F8CC7C}
	EndGlobalSection
EndGlobal
