
Microsoft Visual Studio Solution File, Format Version 12.00
# Visual Studio Version 17
VisualStudioVersion = 17.4.33110.190
MinimumVisualStudioVersion = 10.0.40219.1
Project("{9A19103F-16F7-4668-BE54-9A1E7A4F7556}") = "ET-ShiftManagementSystem", "ET-ShiftManagementSystem\ET-ShiftManagementSystem.csproj", "{BE4BFDB1-BE57-4E1E-80DD-B878FF6C003B}"
EndProject
Project("{9A19103F-16F7-4668-BE54-9A1E7A4F7556}") = "ShiftMgtDbContext", "ShiftMgtDbContext\ShiftMgtDbContext.csproj", "{75B6AFDC-4532-4650-AAED-ACDCDD8205D5}"
EndProject
Project("{9A19103F-16F7-4668-BE54-9A1E7A4F7556}") = "ShiftManagementServises", "ShiftManagementServises\ShiftManagementServises.csproj", "{11D9BD17-01DC-4596-B182-FA5EA22944A0}"
EndProject
Project("{2150E333-8FDC-42A3-9474-1A3956D46DE8}") = "Tests", "Tests", "{FFD144D8-1CA8-49E6-B1FE-E360DD26AD3F}"
EndProject
Project("{FAE04EC0-301F-11D3-BF4B-00C04F79EFBC}") = "ET-ShiftmanagementSystem.Tests", "ET-ShiftmanagementSystem.Tests\ET-ShiftmanagementSystem.Tests.csproj", "{BE9FD349-B75B-4EFB-9B6B-171936A6FBB9}"
EndProject
Project("{FAE04EC0-301F-11D3-BF4B-00C04F79EFBC}") = "ShiftManagementServices.Tests", "ShiftManagementServices.Tests\ShiftManagementServices.Tests.csproj", "{4C7A3A98-5B53-4C35-9294-17A5ABE4197C}"
EndProject
Project("{FAE04EC0-301F-11D3-BF4B-00C04F79EFBC}") = "ShiftMgtDbContext.Tests", "ShiftMgtDbContext.Tests\ShiftMgtDbContext.Tests.csproj", "{2DBDF2BA-E023-452A-8BC3-10EFB8AA31DA}"
EndProject
Project("{2150E333-8FDC-42A3-9474-1A3956D46DE8}") = "SRC", "SRC", "{DE8213BF-C979-46FC-978D-D2739921534C}"
EndProject
Global
	GlobalSection(SolutionConfigurationPlatforms) = preSolution
		Debug|Any CPU = Debug|Any CPU
		Release|Any CPU = Release|Any CPU
	EndGlobalSection
	GlobalSection(ProjectConfigurationPlatforms) = postSolution
		{BE4BFDB1-BE57-4E1E-80DD-B878FF6C003B}.Debug|Any CPU.ActiveCfg = Debug|Any CPU
		{BE4BFDB1-BE57-4E1E-80DD-B878FF6C003B}.Debug|Any CPU.Build.0 = Debug|Any CPU
		{BE4BFDB1-BE57-4E1E-80DD-B878FF6C003B}.Release|Any CPU.ActiveCfg = Release|Any CPU
		{BE4BFDB1-BE57-4E1E-80DD-B878FF6C003B}.Release|Any CPU.Build.0 = Release|Any CPU
		{75B6AFDC-4532-4650-AAED-ACDCDD8205D5}.Debug|Any CPU.ActiveCfg = Debug|Any CPU
		{75B6AFDC-4532-4650-AAED-ACDCDD8205D5}.Debug|Any CPU.Build.0 = Debug|Any CPU
		{75B6AFDC-4532-4650-AAED-ACDCDD8205D5}.Release|Any CPU.ActiveCfg = Release|Any CPU
		{75B6AFDC-4532-4650-AAED-ACDCDD8205D5}.Release|Any CPU.Build.0 = Release|Any CPU
		{11D9BD17-01DC-4596-B182-FA5EA22944A0}.Debug|Any CPU.ActiveCfg = Debug|Any CPU
		{11D9BD17-01DC-4596-B182-FA5EA22944A0}.Debug|Any CPU.Build.0 = Debug|Any CPU
		{11D9BD17-01DC-4596-B182-FA5EA22944A0}.Release|Any CPU.ActiveCfg = Release|Any CPU
		{11D9BD17-01DC-4596-B182-FA5EA22944A0}.Release|Any CPU.Build.0 = Release|Any CPU
		{BE9FD349-B75B-4EFB-9B6B-171936A6FBB9}.Debug|Any CPU.ActiveCfg = Debug|Any CPU
		{BE9FD349-B75B-4EFB-9B6B-171936A6FBB9}.Debug|Any CPU.Build.0 = Debug|Any CPU
		{BE9FD349-B75B-4EFB-9B6B-171936A6FBB9}.Release|Any CPU.ActiveCfg = Release|Any CPU
		{BE9FD349-B75B-4EFB-9B6B-171936A6FBB9}.Release|Any CPU.Build.0 = Release|Any CPU
		{4C7A3A98-5B53-4C35-9294-17A5ABE4197C}.Debug|Any CPU.ActiveCfg = Debug|Any CPU
		{4C7A3A98-5B53-4C35-9294-17A5ABE4197C}.Debug|Any CPU.Build.0 = Debug|Any CPU
		{4C7A3A98-5B53-4C35-9294-17A5ABE4197C}.Release|Any CPU.ActiveCfg = Release|Any CPU
		{4C7A3A98-5B53-4C35-9294-17A5ABE4197C}.Release|Any CPU.Build.0 = Release|Any CPU
		{2DBDF2BA-E023-452A-8BC3-10EFB8AA31DA}.Debug|Any CPU.ActiveCfg = Debug|Any CPU
		{2DBDF2BA-E023-452A-8BC3-10EFB8AA31DA}.Debug|Any CPU.Build.0 = Debug|Any CPU
		{2DBDF2BA-E023-452A-8BC3-10EFB8AA31DA}.Release|Any CPU.ActiveCfg = Release|Any CPU
		{2DBDF2BA-E023-452A-8BC3-10EFB8AA31DA}.Release|Any CPU.Build.0 = Release|Any CPU
	EndGlobalSection
	GlobalSection(SolutionProperties) = preSolution
		HideSolutionNode = FALSE
	EndGlobalSection
	GlobalSection(NestedProjects) = preSolution
		{BE4BFDB1-BE57-4E1E-80DD-B878FF6C003B} = {DE8213BF-C979-46FC-978D-D2739921534C}
		{75B6AFDC-4532-4650-AAED-ACDCDD8205D5} = {DE8213BF-C979-46FC-978D-D2739921534C}
		{11D9BD17-01DC-4596-B182-FA5EA22944A0} = {DE8213BF-C979-46FC-978D-D2739921534C}
		{BE9FD349-B75B-4EFB-9B6B-171936A6FBB9} = {FFD144D8-1CA8-49E6-B1FE-E360DD26AD3F}
		{4C7A3A98-5B53-4C35-9294-17A5ABE4197C} = {FFD144D8-1CA8-49E6-B1FE-E360DD26AD3F}
		{2DBDF2BA-E023-452A-8BC3-10EFB8AA31DA} = {FFD144D8-1CA8-49E6-B1FE-E360DD26AD3F}
	EndGlobalSection
	GlobalSection(ExtensibilityGlobals) = postSolution
		SolutionGuid = {2BF4F289-8933-4A85-82B5-4645B7F8CC7C}
	EndGlobalSection
EndGlobal
