
Microsoft Visual Studio Solution File, Format Version 12.00
# Visual Studio Version 17
VisualStudioVersion = 17.4.33110.190
MinimumVisualStudioVersion = 10.0.40219.1
Project("{FAE04EC0-301F-11D3-BF4B-00C04F79EFBC}") = "ShiftManagement", "testet\ShiftManagement.csproj", "{BDE5C377-83B8-4D0B-B02D-44C11B968A2B}"
EndProject
Project("{FAE04EC0-301F-11D3-BF4B-00C04F79EFBC}") = "ShiftManagement.Services", "ProjectServices\ShiftManagement.Services.csproj", "{8DAC360E-D78C-470D-9EE7-D9E0D99D1E6D}"
EndProject
Project("{FAE04EC0-301F-11D3-BF4B-00C04F79EFBC}") = "ShiftManagementDbContext", "ShiftDbContext\ShiftManagementDbContext.csproj", "{132813FA-690A-4F5C-BF90-D9C85214BAC0}"
EndProject
Global
	GlobalSection(SolutionConfigurationPlatforms) = preSolution
		Debug|Any CPU = Debug|Any CPU
		Release|Any CPU = Release|Any CPU
	EndGlobalSection
	GlobalSection(ProjectConfigurationPlatforms) = postSolution
		{BDE5C377-83B8-4D0B-B02D-44C11B968A2B}.Debug|Any CPU.ActiveCfg = Debug|Any CPU
		{BDE5C377-83B8-4D0B-B02D-44C11B968A2B}.Debug|Any CPU.Build.0 = Debug|Any CPU
		{BDE5C377-83B8-4D0B-B02D-44C11B968A2B}.Release|Any CPU.ActiveCfg = Release|Any CPU
		{BDE5C377-83B8-4D0B-B02D-44C11B968A2B}.Release|Any CPU.Build.0 = Release|Any CPU
		{8DAC360E-D78C-470D-9EE7-D9E0D99D1E6D}.Debug|Any CPU.ActiveCfg = Debug|Any CPU
		{8DAC360E-D78C-470D-9EE7-D9E0D99D1E6D}.Debug|Any CPU.Build.0 = Debug|Any CPU
		{8DAC360E-D78C-470D-9EE7-D9E0D99D1E6D}.Release|Any CPU.ActiveCfg = Release|Any CPU
		{8DAC360E-D78C-470D-9EE7-D9E0D99D1E6D}.Release|Any CPU.Build.0 = Release|Any CPU
		{132813FA-690A-4F5C-BF90-D9C85214BAC0}.Debug|Any CPU.ActiveCfg = Debug|Any CPU
		{132813FA-690A-4F5C-BF90-D9C85214BAC0}.Debug|Any CPU.Build.0 = Debug|Any CPU
		{132813FA-690A-4F5C-BF90-D9C85214BAC0}.Release|Any CPU.ActiveCfg = Release|Any CPU
		{132813FA-690A-4F5C-BF90-D9C85214BAC0}.Release|Any CPU.Build.0 = Release|Any CPU
	EndGlobalSection
	GlobalSection(SolutionProperties) = preSolution
		HideSolutionNode = FALSE
	EndGlobalSection
	GlobalSection(ExtensibilityGlobals) = postSolution
		SolutionGuid = {87D08AEB-EF0C-429A-9747-663DC3A5D00A}
	EndGlobalSection
EndGlobal
